
Microsoft Visual Studio Solution File, Format Version 12.00
# Visual Studio Version 17
VisualStudioVersion = 17.14.36310.24
MinimumVisualStudioVersion = 10.0.40219.1
Project("{8BC9CEB8-8B4A-11D0-8D11-00A0C91BC942}") = "HolaMundo", "HolaMundo\HolaMundo.vcxproj", "{4AD9348B-FB62-40D6-BE4D-133AD3185E0F}"
EndProject
Project("{8BC9CEB8-8B4A-11D0-8D11-00A0C91BC942}") = "Application", "Application\Application.vcxproj", "{79E11F32-743F-4840-A2FE-686303A4E3C6}"
EndProject
Project("{8BC9CEB8-8B4A-11D0-8D11-00A0C91BC942}") = "DirectX_12", "DirectX_12\DirectX_2.vcxproj", "{FCFFEC48-1A6E-460A-96EF-B341FFA57993}"
EndProject
Project("{8BC9CEB8-8B4A-11D0-8D11-00A0C91BC942}") = "DirectX12Triangle", "DirectX12Triangle\DirectX12Triangle.vcxproj", "{63C767C1-2F86-4E6D-BF09-5C684BA9A217}"
EndProject
Project("{8BC9CEB8-8B4A-11D0-8D11-00A0C91BC942}") = "DirectXApplication", "DirectXApplication\DirectXApplication.vcxproj", "{A19F1C2D-0033-4300-A399-3B986BFDC25C}"
EndProject
Global
	GlobalSection(SolutionConfigurationPlatforms) = preSolution
		Debug|x64 = Debug|x64
		Debug|x86 = Debug|x86
		Release|x64 = Release|x64
		Release|x86 = Release|x86
	EndGlobalSection
	GlobalSection(ProjectConfigurationPlatforms) = postSolution
		{4AD9348B-FB62-40D6-BE4D-133AD3185E0F}.Debug|x64.ActiveCfg = Debug|x64
		{4AD9348B-FB62-40D6-BE4D-133AD3185E0F}.Debug|x64.Build.0 = Debug|x64
		{4AD9348B-FB62-40D6-BE4D-133AD3185E0F}.Debug|x86.ActiveCfg = Debug|Win32
		{4AD9348B-FB62-40D6-BE4D-133AD3185E0F}.Debug|x86.Build.0 = Debug|Win32
		{4AD9348B-FB62-40D6-BE4D-133AD3185E0F}.Release|x64.ActiveCfg = Release|x64
		{4AD9348B-FB62-40D6-BE4D-133AD3185E0F}.Release|x64.Build.0 = Release|x64
		{4AD9348B-FB62-40D6-BE4D-133AD3185E0F}.Release|x86.ActiveCfg = Release|Win32
		{4AD9348B-FB62-40D6-BE4D-133AD3185E0F}.Release|x86.Build.0 = Release|Win32
		{79E11F32-743F-4840-A2FE-686303A4E3C6}.Debug|x64.ActiveCfg = Debug|x64
		{79E11F32-743F-4840-A2FE-686303A4E3C6}.Debug|x64.Build.0 = Debug|x64
		{79E11F32-743F-4840-A2FE-686303A4E3C6}.Debug|x86.ActiveCfg = Debug|Win32
		{79E11F32-743F-4840-A2FE-686303A4E3C6}.Debug|x86.Build.0 = Debug|Win32
		{79E11F32-743F-4840-A2FE-686303A4E3C6}.Release|x64.ActiveCfg = Release|x64
		{79E11F32-743F-4840-A2FE-686303A4E3C6}.Release|x64.Build.0 = Release|x64
		{79E11F32-743F-4840-A2FE-686303A4E3C6}.Release|x86.ActiveCfg = Release|Win32
		{79E11F32-743F-4840-A2FE-686303A4E3C6}.Release|x86.Build.0 = Release|Win32
		{FCFFEC48-1A6E-460A-96EF-B341FFA57993}.Debug|x64.ActiveCfg = Debug|x64
		{FCFFEC48-1A6E-460A-96EF-B341FFA57993}.Debug|x64.Build.0 = Debug|x64
		{FCFFEC48-1A6E-460A-96EF-B341FFA57993}.Debug|x86.ActiveCfg = Debug|Win32
		{FCFFEC48-1A6E-460A-96EF-B341FFA57993}.Debug|x86.Build.0 = Debug|Win32
		{FCFFEC48-1A6E-460A-96EF-B341FFA57993}.Release|x64.ActiveCfg = Release|x64
		{FCFFEC48-1A6E-460A-96EF-B341FFA57993}.Release|x64.Build.0 = Release|x64
		{FCFFEC48-1A6E-460A-96EF-B341FFA57993}.Release|x86.ActiveCfg = Release|Win32
		{FCFFEC48-1A6E-460A-96EF-B341FFA57993}.Release|x86.Build.0 = Release|Win32
		{63C767C1-2F86-4E6D-BF09-5C684BA9A217}.Debug|x64.ActiveCfg = Debug|x64
		{63C767C1-2F86-4E6D-BF09-5C684BA9A217}.Debug|x64.Build.0 = Debug|x64
		{63C767C1-2F86-4E6D-BF09-5C684BA9A217}.Debug|x86.ActiveCfg = Debug|Win32
		{63C767C1-2F86-4E6D-BF09-5C684BA9A217}.Debug|x86.Build.0 = Debug|Win32
		{63C767C1-2F86-4E6D-BF09-5C684BA9A217}.Release|x64.ActiveCfg = Release|x64
		{63C767C1-2F86-4E6D-BF09-5C684BA9A217}.Release|x64.Build.0 = Release|x64
		{63C767C1-2F86-4E6D-BF09-5C684BA9A217}.Release|x86.ActiveCfg = Release|Win32
		{63C767C1-2F86-4E6D-BF09-5C684BA9A217}.Release|x86.Build.0 = Release|Win32
		{A19F1C2D-0033-4300-A399-3B986BFDC25C}.Debug|x64.ActiveCfg = Debug|x64
		{A19F1C2D-0033-4300-A399-3B986BFDC25C}.Debug|x64.Build.0 = Debug|x64
		{A19F1C2D-0033-4300-A399-3B986BFDC25C}.Debug|x86.ActiveCfg = Debug|Win32
		{A19F1C2D-0033-4300-A399-3B986BFDC25C}.Debug|x86.Build.0 = Debug|Win32
		{A19F1C2D-0033-4300-A399-3B986BFDC25C}.Release|x64.ActiveCfg = Release|x64
		{A19F1C2D-0033-4300-A399-3B986BFDC25C}.Release|x64.Build.0 = Release|x64
		{A19F1C2D-0033-4300-A399-3B986BFDC25C}.Release|x86.ActiveCfg = Release|Win32
		{A19F1C2D-0033-4300-A399-3B986BFDC25C}.Release|x86.Build.0 = Release|Win32
	EndGlobalSection
	GlobalSection(SolutionProperties) = preSolution
		HideSolutionNode = FALSE
	EndGlobalSection
	GlobalSection(ExtensibilityGlobals) = postSolution
		SolutionGuid = {7C0EC2E4-2CFA-42C1-B281-EAB2E8855264}
	EndGlobalSection
EndGlobal
