<?xml version="1.0" encoding="utf-8"?>
<Project ToolsVersion="17.0" xmlns="http://schemas.microsoft.com/developer/msbuild/2003">
  <ItemGroup>
    <CustomBuild Include="C:\Users\Estudiante\Desktop\Carpeta de Diego\ComputoGrafico2025-4\Libs\glfw\CMakeFiles\6c5056230a9e734a24c4bdb67de03256\update_mappings.rule">
      <Filter>CMake Rules</Filter>
    </CustomBuild>
    <CustomBuild Include="C:\Users\Estudiante\Desktop\Carpeta de Diego\ComputoGrafico2025-4\Libs\glfw\src\CMakeLists.txt" />
  </ItemGroup>
  <ItemGroup>
    <None Include="C:\Users\Estudiante\Desktop\Carpeta de Diego\ComputoGrafico2025-4\Libs\glfw\src\mappings.h.in">
      <Filter>Header Files</Filter>
    </None>
    <None Include="C:\Users\Estudiante\Desktop\Carpeta de Diego\ComputoGrafico2025-4\Libs\glfw\CMake\GenerateMappings.cmake" />
    <None Include="C:\Users\Estudiante\Desktop\Carpeta de Diego\ComputoGrafico2025-4\Libs\glfw\src\CMakeFiles\update_mappings" />
  </ItemGroup>
  <ItemGroup>
    <Filter Include="CMake Rules">
      <UniqueIdentifier>{7F41D702-60E0-3B6B-A066-101AEF8DDF01}</UniqueIdentifier>
    </Filter>
    <Filter Include="Header Files">
      <UniqueIdentifier>{66D5867B-3613-3F42-8C44-3112F3BBC976}</UniqueIdentifier>
    </Filter>
  </ItemGroup>
</Project>
